PODS:
  - Flutter (1.0.0)
  - Intercom (7.1.0)
  - intercom_flutter (2.2.0):
    - Flutter
    - Intercom (~> 7.1.0)

DEPENDENCIES:
  - Flutter (from `Flutter`)
  - intercom_flutter (from `.symlinks/plugins/intercom_flutter/ios`)

SPEC REPOS:
  trunk:
    - Intercom

EXTERNAL SOURCES:
  Flutter:
    :path: Flutter
  intercom_flutter:
    :path: ".symlinks/plugins/intercom_flutter/ios"

SPEC CHECKSUMS:
  Flutter: 0e3d915762c693b495b44d77113d4970485de6ec
  Intercom: f63e30d10c658b4f5817f5693e5ee2fa070b5803
  intercom_flutter: 3c324ba9a75060f15c5bfb7854a9bb0a3524cb65

PODFILE CHECKSUM: 083258d7f5e80b42ea9bfee905fe93049bc04c64

COCOAPODS: 1.9.0.beta.3
