PODS:
  - Flutter (1.0.0)
  - Intercom (5.0.4)
  - intercom_flutter (1.0.7):
    - Flutter
    - Intercom

DEPENDENCIES:
  - Flutter (from `.symlinks/flutter/ios-release`)
  - intercom_flutter (from `.symlinks/plugins/intercom_flutter/ios`)

SPEC REPOS:
  https://github.com/cocoapods/specs.git:
    - Intercom

EXTERNAL SOURCES:
  Flutter:
    :path: ".symlinks/flutter/ios-release"
  intercom_flutter:
    :path: ".symlinks/plugins/intercom_flutter/ios"

SPEC CHECKSUMS:
  Flutter: 9d0fac939486c9aba2809b7982dfdbb47a7b0296
  Intercom: 52b7523157c0c6b631c0b7adc4d8b2fe3e444ea2
  intercom_flutter: e281b619d2fc03dccf171089c87c01a17e1ed8b1

PODFILE CHECKSUM: 7765ea4305eaab0b3dfd384c7de11902aa3195fd

COCOAPODS: 1.5.3
